Microsoft Visual Studio Solution File, Format Version 12.00
# Visual Studio 2012
Project("{FAE04EC0-301F-11D3-BF4B-00C04F79EFBC}") = "Assembly", "Assembly\Assembly.csproj", "{CF8EA988-3789-48C4-8E2D-BD157A8B1CC4}"
	ProjectSection(ProjectDependencies) = postProject
		{23E2F974-DDE9-48D9-9C77-D4D9ED964F87} = {23E2F974-DDE9-48D9-9C77-D4D9ED964F87}
		{6B105AB9-84A0-4774-B319-75E9CAB3DB4B} = {6B105AB9-84A0-4774-B319-75E9CAB3DB4B}
		{96A482D0-E898-4228-801B-A7EB1887596D} = {96A482D0-E898-4228-801B-A7EB1887596D}
	EndProjectSection
EndProject
Project("{FAE04EC0-301F-11D3-BF4B-00C04F79EFBC}") = "ExtryzeDLL", "BlamCache\ExtryzeDLL.csproj", "{6B105AB9-84A0-4774-B319-75E9CAB3DB4B}"
EndProject
Project("{FAE04EC0-301F-11D3-BF4B-00C04F79EFBC}") = "ExtryzeInternal", "ExtryzeInternal\ExtryzeInternal.csproj", "{6051BB6D-D3E9-4095-B450-3C6CAB908206}"
EndProject
Project("{FAE04EC0-301F-11D3-BF4B-00C04F79EFBC}") = "XBDMCommunicator", "XBDMCommunicator\XBDMCommunicator.csproj", "{CF7B2216-1F9E-4BCF-BCF2-F76FB38D69BB}"
EndProject
Project("{FAE04EC0-301F-11D3-BF4B-00C04F79EFBC}") = "PluginConverter", "PluginConverter\PluginConverter.csproj", "{488E8FCA-6A76-43A5-98BA-05A0188D0DF1}"
EndProject
Project("{8BC9CEB8-8B4A-11D0-8D11-00A0C91BC942}") = "AssemblyIconLibrary", "AssemblyIconLibrary\AssemblyIconLibrary.vcxproj", "{96A482D0-E898-4228-801B-A7EB1887596D}"
EndProject
Project("{FAE04EC0-301F-11D3-BF4B-00C04F79EFBC}") = "AssemblyUpdateManager", "AssemblyUpdateManager\AssemblyUpdateManager.csproj", "{23E2F974-DDE9-48D9-9C77-D4D9ED964F87}"
EndProject
Project("{8BC9CEB8-8B4A-11D0-8D11-00A0C91BC942}") = "mapexpand", "mapexpand\mapexpand.vcxproj", "{58EB719B-4E83-46C9-96A3-465D516D7B3E}"
EndProject
Project("{FAE04EC0-301F-11D3-BF4B-00C04F79EFBC}") = "PluginGenerator", "PluginGenerator\PluginGenerator.csproj", "{7F4D7D57-FB40-431E-A136-5B16946C7C16}"
EndProject
Project("{FAE04EC0-301F-11D3-BF4B-00C04F79EFBC}") = "PatchCreator", "PatchCreator\PatchCreator.csproj", "{E65B726D-3D64-4698-8141-CF727094CCD7}"
EndProject
Project("{2150E333-8FDC-42A3-9474-1A3956D46DE8}") = ".nuget", ".nuget", "{76B7476B-65DC-4305-AB6F-99A8B0060CC6}"
	ProjectSection(SolutionItems) = preProject
		.nuget\NuGet.Config = .nuget\NuGet.Config
		.nuget\NuGet.exe = .nuget\NuGet.exe
		.nuget\NuGet.targets = .nuget\NuGet.targets
	EndProjectSection
EndProject
Project("{FAE04EC0-301F-11D3-BF4B-00C04F79EFBC}") = "PatchApplier", "PatchApplier\PatchApplier.csproj", "{8E7A5587-905E-4E31-A8F5-BD7AC6973BFF}"
EndProject
Global
	GlobalSection(SolutionConfigurationPlatforms) = preSolution
		Debug|Any CPU = Debug|Any CPU
		Debug|ARM = Debug|ARM
		Debug|Mixed Platforms = Debug|Mixed Platforms
		Debug|Win32 = Debug|Win32
		Debug|x64 = Debug|x64
		Debug|x86 = Debug|x86
		Release|Any CPU = Release|Any CPU
		Release|ARM = Release|ARM
		Release|Mixed Platforms = Release|Mixed Platforms
		Release|Win32 = Release|Win32
		Release|x64 = Release|x64
		Release|x86 = Release|x86
	EndGlobalSection
	GlobalSection(ProjectConfigurationPlatforms) = postSolution
		{CF8EA988-3789-48C4-8E2D-BD157A8B1CC4}.Debug|Any CPU.ActiveCfg = Debug|Any CPU
		{CF8EA988-3789-48C4-8E2D-BD157A8B1CC4}.Debug|Any CPU.Build.0 = Debug|Any CPU
		{CF8EA988-3789-48C4-8E2D-BD157A8B1CC4}.Debug|ARM.ActiveCfg = Debug|Any CPU
		{CF8EA988-3789-48C4-8E2D-BD157A8B1CC4}.Debug|Mixed Platforms.ActiveCfg = Debug|Any CPU
		{CF8EA988-3789-48C4-8E2D-BD157A8B1CC4}.Debug|Mixed Platforms.Build.0 = Debug|Any CPU
		{CF8EA988-3789-48C4-8E2D-BD157A8B1CC4}.Debug|Win32.ActiveCfg = Debug|Any CPU
		{CF8EA988-3789-48C4-8E2D-BD157A8B1CC4}.Debug|x64.ActiveCfg = Debug|Any CPU
		{CF8EA988-3789-48C4-8E2D-BD157A8B1CC4}.Debug|x86.ActiveCfg = Debug|Any CPU
		{CF8EA988-3789-48C4-8E2D-BD157A8B1CC4}.Release|Any CPU.ActiveCfg = Release|Any CPU
		{CF8EA988-3789-48C4-8E2D-BD157A8B1CC4}.Release|Any CPU.Build.0 = Release|Any CPU
		{CF8EA988-3789-48C4-8E2D-BD157A8B1CC4}.Release|ARM.ActiveCfg = Release|Any CPU
		{CF8EA988-3789-48C4-8E2D-BD157A8B1CC4}.Release|Mixed Platforms.ActiveCfg = Release|Any CPU
		{CF8EA988-3789-48C4-8E2D-BD157A8B1CC4}.Release|Mixed Platforms.Build.0 = Release|Any CPU
		{CF8EA988-3789-48C4-8E2D-BD157A8B1CC4}.Release|Win32.ActiveCfg = Release|Any CPU
		{CF8EA988-3789-48C4-8E2D-BD157A8B1CC4}.Release|x64.ActiveCfg = Release|Any CPU
		{CF8EA988-3789-48C4-8E2D-BD157A8B1CC4}.Release|x86.ActiveCfg = Release|Any CPU
		{6B105AB9-84A0-4774-B319-75E9CAB3DB4B}.Debug|Any CPU.ActiveCfg = Debug|Any CPU
		{6B105AB9-84A0-4774-B319-75E9CAB3DB4B}.Debug|Any CPU.Build.0 = Debug|Any CPU
		{6B105AB9-84A0-4774-B319-75E9CAB3DB4B}.Debug|ARM.ActiveCfg = Debug|Any CPU
		{6B105AB9-84A0-4774-B319-75E9CAB3DB4B}.Debug|Mixed Platforms.ActiveCfg = Debug|Any CPU
		{6B105AB9-84A0-4774-B319-75E9CAB3DB4B}.Debug|Mixed Platforms.Build.0 = Debug|Any CPU
		{6B105AB9-84A0-4774-B319-75E9CAB3DB4B}.Debug|Win32.ActiveCfg = Debug|Any CPU
		{6B105AB9-84A0-4774-B319-75E9CAB3DB4B}.Debug|x64.ActiveCfg = Debug|Any CPU
		{6B105AB9-84A0-4774-B319-75E9CAB3DB4B}.Debug|x86.ActiveCfg = Debug|Any CPU
		{6B105AB9-84A0-4774-B319-75E9CAB3DB4B}.Release|Any CPU.ActiveCfg = Release|Any CPU
		{6B105AB9-84A0-4774-B319-75E9CAB3DB4B}.Release|Any CPU.Build.0 = Release|Any CPU
		{6B105AB9-84A0-4774-B319-75E9CAB3DB4B}.Release|ARM.ActiveCfg = Release|Any CPU
		{6B105AB9-84A0-4774-B319-75E9CAB3DB4B}.Release|Mixed Platforms.ActiveCfg = Release|Any CPU
		{6B105AB9-84A0-4774-B319-75E9CAB3DB4B}.Release|Mixed Platforms.Build.0 = Release|Any CPU
		{6B105AB9-84A0-4774-B319-75E9CAB3DB4B}.Release|Win32.ActiveCfg = Release|Any CPU
		{6B105AB9-84A0-4774-B319-75E9CAB3DB4B}.Release|x64.ActiveCfg = Release|Any CPU
		{6B105AB9-84A0-4774-B319-75E9CAB3DB4B}.Release|x86.ActiveCfg = Release|Any CPU
		{6051BB6D-D3E9-4095-B450-3C6CAB908206}.Debug|Any CPU.ActiveCfg = Debug|Any CPU
		{6051BB6D-D3E9-4095-B450-3C6CAB908206}.Debug|Any CPU.Build.0 = Debug|Any CPU
		{6051BB6D-D3E9-4095-B450-3C6CAB908206}.Debug|ARM.ActiveCfg = Debug|Any CPU
		{6051BB6D-D3E9-4095-B450-3C6CAB908206}.Debug|Mixed Platforms.ActiveCfg = Debug|Any CPU
		{6051BB6D-D3E9-4095-B450-3C6CAB908206}.Debug|Mixed Platforms.Build.0 = Debug|Any CPU
		{6051BB6D-D3E9-4095-B450-3C6CAB908206}.Debug|Win32.ActiveCfg = Debug|Any CPU
		{6051BB6D-D3E9-4095-B450-3C6CAB908206}.Debug|x64.ActiveCfg = Debug|Any CPU
		{6051BB6D-D3E9-4095-B450-3C6CAB908206}.Debug|x86.ActiveCfg = Debug|Any CPU
		{6051BB6D-D3E9-4095-B450-3C6CAB908206}.Release|Any CPU.ActiveCfg = Release|Any CPU
		{6051BB6D-D3E9-4095-B450-3C6CAB908206}.Release|Any CPU.Build.0 = Release|Any CPU
		{6051BB6D-D3E9-4095-B450-3C6CAB908206}.Release|ARM.ActiveCfg = Release|Any CPU
		{6051BB6D-D3E9-4095-B450-3C6CAB908206}.Release|Mixed Platforms.ActiveCfg = Release|Any CPU
		{6051BB6D-D3E9-4095-B450-3C6CAB908206}.Release|Mixed Platforms.Build.0 = Release|Any CPU
		{6051BB6D-D3E9-4095-B450-3C6CAB908206}.Release|Win32.ActiveCfg = Release|Any CPU
		{6051BB6D-D3E9-4095-B450-3C6CAB908206}.Release|x64.ActiveCfg = Release|Any CPU
		{6051BB6D-D3E9-4095-B450-3C6CAB908206}.Release|x86.ActiveCfg = Release|Any CPU
		{CF7B2216-1F9E-4BCF-BCF2-F76FB38D69BB}.Debug|Any CPU.ActiveCfg = Debug|Any CPU
		{CF7B2216-1F9E-4BCF-BCF2-F76FB38D69BB}.Debug|Any CPU.Build.0 = Debug|Any CPU
		{CF7B2216-1F9E-4BCF-BCF2-F76FB38D69BB}.Debug|ARM.ActiveCfg = Debug|Any CPU
		{CF7B2216-1F9E-4BCF-BCF2-F76FB38D69BB}.Debug|Mixed Platforms.ActiveCfg = Debug|Any CPU
		{CF7B2216-1F9E-4BCF-BCF2-F76FB38D69BB}.Debug|Mixed Platforms.Build.0 = Debug|Any CPU
		{CF7B2216-1F9E-4BCF-BCF2-F76FB38D69BB}.Debug|Win32.ActiveCfg = Debug|Any CPU
		{CF7B2216-1F9E-4BCF-BCF2-F76FB38D69BB}.Debug|x64.ActiveCfg = Debug|Any CPU
		{CF7B2216-1F9E-4BCF-BCF2-F76FB38D69BB}.Debug|x86.ActiveCfg = Debug|Any CPU
		{CF7B2216-1F9E-4BCF-BCF2-F76FB38D69BB}.Release|Any CPU.ActiveCfg = Release|Any CPU
		{CF7B2216-1F9E-4BCF-BCF2-F76FB38D69BB}.Release|Any CPU.Build.0 = Release|Any CPU
		{CF7B2216-1F9E-4BCF-BCF2-F76FB38D69BB}.Release|ARM.ActiveCfg = Release|Any CPU
		{CF7B2216-1F9E-4BCF-BCF2-F76FB38D69BB}.Release|Mixed Platforms.ActiveCfg = Release|Any CPU
		{CF7B2216-1F9E-4BCF-BCF2-F76FB38D69BB}.Release|Mixed Platforms.Build.0 = Release|Any CPU
		{CF7B2216-1F9E-4BCF-BCF2-F76FB38D69BB}.Release|Win32.ActiveCfg = Release|Any CPU
		{CF7B2216-1F9E-4BCF-BCF2-F76FB38D69BB}.Release|x64.ActiveCfg = Release|Any CPU
		{CF7B2216-1F9E-4BCF-BCF2-F76FB38D69BB}.Release|x86.ActiveCfg = Release|Any CPU
		{488E8FCA-6A76-43A5-98BA-05A0188D0DF1}.Debug|Any CPU.ActiveCfg = Debug|Any CPU
		{488E8FCA-6A76-43A5-98BA-05A0188D0DF1}.Debug|Any CPU.Build.0 = Debug|Any CPU
		{488E8FCA-6A76-43A5-98BA-05A0188D0DF1}.Debug|ARM.ActiveCfg = Debug|Any CPU
		{488E8FCA-6A76-43A5-98BA-05A0188D0DF1}.Debug|Mixed Platforms.ActiveCfg = Debug|Any CPU
		{488E8FCA-6A76-43A5-98BA-05A0188D0DF1}.Debug|Mixed Platforms.Build.0 = Debug|Any CPU
		{488E8FCA-6A76-43A5-98BA-05A0188D0DF1}.Debug|Win32.ActiveCfg = Debug|Any CPU
		{488E8FCA-6A76-43A5-98BA-05A0188D0DF1}.Debug|x64.ActiveCfg = Debug|Any CPU
		{488E8FCA-6A76-43A5-98BA-05A0188D0DF1}.Debug|x86.ActiveCfg = Debug|Any CPU
		{488E8FCA-6A76-43A5-98BA-05A0188D0DF1}.Release|Any CPU.ActiveCfg = Release|Any CPU
		{488E8FCA-6A76-43A5-98BA-05A0188D0DF1}.Release|Any CPU.Build.0 = Release|Any CPU
		{488E8FCA-6A76-43A5-98BA-05A0188D0DF1}.Release|ARM.ActiveCfg = Release|Any CPU
		{488E8FCA-6A76-43A5-98BA-05A0188D0DF1}.Release|Mixed Platforms.ActiveCfg = Release|Any CPU
		{488E8FCA-6A76-43A5-98BA-05A0188D0DF1}.Release|Mixed Platforms.Build.0 = Release|Any CPU
		{488E8FCA-6A76-43A5-98BA-05A0188D0DF1}.Release|Win32.ActiveCfg = Release|Any CPU
		{488E8FCA-6A76-43A5-98BA-05A0188D0DF1}.Release|x64.ActiveCfg = Release|Any CPU
		{488E8FCA-6A76-43A5-98BA-05A0188D0DF1}.Release|x86.ActiveCfg = Release|Any CPU
		{96A482D0-E898-4228-801B-A7EB1887596D}.Debug|Any CPU.ActiveCfg = Debug|Win32
		{96A482D0-E898-4228-801B-A7EB1887596D}.Debug|Any CPU.Build.0 = Debug|Win32
		{96A482D0-E898-4228-801B-A7EB1887596D}.Debug|ARM.ActiveCfg = Debug|Win32
		{96A482D0-E898-4228-801B-A7EB1887596D}.Debug|Mixed Platforms.ActiveCfg = Debug|Win32
		{96A482D0-E898-4228-801B-A7EB1887596D}.Debug|Mixed Platforms.Build.0 = Debug|Win32
		{96A482D0-E898-4228-801B-A7EB1887596D}.Debug|Win32.ActiveCfg = Debug|Win32
		{96A482D0-E898-4228-801B-A7EB1887596D}.Debug|Win32.Build.0 = Debug|Win32
		{96A482D0-E898-4228-801B-A7EB1887596D}.Debug|x64.ActiveCfg = Debug|Win32
		{96A482D0-E898-4228-801B-A7EB1887596D}.Debug|x86.ActiveCfg = Debug|Win32
		{96A482D0-E898-4228-801B-A7EB1887596D}.Debug|x86.Build.0 = Debug|Win32
		{96A482D0-E898-4228-801B-A7EB1887596D}.Release|Any CPU.ActiveCfg = Release|Win32
		{96A482D0-E898-4228-801B-A7EB1887596D}.Release|ARM.ActiveCfg = Release|Win32
		{96A482D0-E898-4228-801B-A7EB1887596D}.Release|Mixed Platforms.ActiveCfg = Release|Win32
		{96A482D0-E898-4228-801B-A7EB1887596D}.Release|Mixed Platforms.Build.0 = Release|Win32
		{96A482D0-E898-4228-801B-A7EB1887596D}.Release|Win32.ActiveCfg = Release|Win32
		{96A482D0-E898-4228-801B-A7EB1887596D}.Release|Win32.Build.0 = Release|Win32
		{96A482D0-E898-4228-801B-A7EB1887596D}.Release|x64.ActiveCfg = Release|Win32
		{96A482D0-E898-4228-801B-A7EB1887596D}.Release|x86.ActiveCfg = Release|Win32
		{96A482D0-E898-4228-801B-A7EB1887596D}.Release|x86.Build.0 = Release|Win32
		{23E2F974-DDE9-48D9-9C77-D4D9ED964F87}.Debug|Any CPU.ActiveCfg = Debug|Any CPU
		{23E2F974-DDE9-48D9-9C77-D4D9ED964F87}.Debug|Any CPU.Build.0 = Debug|Any CPU
		{23E2F974-DDE9-48D9-9C77-D4D9ED964F87}.Debug|ARM.ActiveCfg = Debug|Any CPU
		{23E2F974-DDE9-48D9-9C77-D4D9ED964F87}.Debug|Mixed Platforms.ActiveCfg = Debug|Any CPU
		{23E2F974-DDE9-48D9-9C77-D4D9ED964F87}.Debug|Mixed Platforms.Build.0 = Debug|Any CPU
		{23E2F974-DDE9-48D9-9C77-D4D9ED964F87}.Debug|Win32.ActiveCfg = Debug|Any CPU
		{23E2F974-DDE9-48D9-9C77-D4D9ED964F87}.Debug|x64.ActiveCfg = Debug|Any CPU
		{23E2F974-DDE9-48D9-9C77-D4D9ED964F87}.Debug|x86.ActiveCfg = Debug|Any CPU
		{23E2F974-DDE9-48D9-9C77-D4D9ED964F87}.Release|Any CPU.ActiveCfg = Release|Any CPU
		{23E2F974-DDE9-48D9-9C77-D4D9ED964F87}.Release|Any CPU.Build.0 = Release|Any CPU
		{23E2F974-DDE9-48D9-9C77-D4D9ED964F87}.Release|ARM.ActiveCfg = Release|Any CPU
		{23E2F974-DDE9-48D9-9C77-D4D9ED964F87}.Release|Mixed Platforms.ActiveCfg = Release|Any CPU
		{23E2F974-DDE9-48D9-9C77-D4D9ED964F87}.Release|Mixed Platforms.Build.0 = Release|Any CPU
		{23E2F974-DDE9-48D9-9C77-D4D9ED964F87}.Release|Win32.ActiveCfg = Release|Any CPU
		{23E2F974-DDE9-48D9-9C77-D4D9ED964F87}.Release|x64.ActiveCfg = Release|Any CPU
		{23E2F974-DDE9-48D9-9C77-D4D9ED964F87}.Release|x86.ActiveCfg = Release|Any CPU
		{58EB719B-4E83-46C9-96A3-465D516D7B3E}.Debug|Any CPU.ActiveCfg = Debug|Win32
		{58EB719B-4E83-46C9-96A3-465D516D7B3E}.Debug|ARM.ActiveCfg = Debug|Win32
		{58EB719B-4E83-46C9-96A3-465D516D7B3E}.Debug|Mixed Platforms.ActiveCfg = Debug|Win32
		{58EB719B-4E83-46C9-96A3-465D516D7B3E}.Debug|Mixed Platforms.Build.0 = Debug|Win32
		{58EB719B-4E83-46C9-96A3-465D516D7B3E}.Debug|Win32.ActiveCfg = Debug|Win32
		{58EB719B-4E83-46C9-96A3-465D516D7B3E}.Debug|Win32.Build.0 = Debug|Win32
		{58EB719B-4E83-46C9-96A3-465D516D7B3E}.Debug|x64.ActiveCfg = Debug|Win32
		{58EB719B-4E83-46C9-96A3-465D516D7B3E}.Debug|x86.ActiveCfg = Debug|Win32
		{58EB719B-4E83-46C9-96A3-465D516D7B3E}.Debug|x86.Build.0 = Debug|Win32
		{58EB719B-4E83-46C9-96A3-465D516D7B3E}.Release|Any CPU.ActiveCfg = Release|Win32
		{58EB719B-4E83-46C9-96A3-465D516D7B3E}.Release|ARM.ActiveCfg = Release|Win32
		{58EB719B-4E83-46C9-96A3-465D516D7B3E}.Release|Mixed Platforms.ActiveCfg = Release|Win32
		{58EB719B-4E83-46C9-96A3-465D516D7B3E}.Release|Mixed Platforms.Build.0 = Release|Win32
		{58EB719B-4E83-46C9-96A3-465D516D7B3E}.Release|Win32.ActiveCfg = Release|Win32
		{58EB719B-4E83-46C9-96A3-465D516D7B3E}.Release|Win32.Build.0 = Release|Win32
		{58EB719B-4E83-46C9-96A3-465D516D7B3E}.Release|x64.ActiveCfg = Release|Win32
		{58EB719B-4E83-46C9-96A3-465D516D7B3E}.Release|x86.ActiveCfg = Release|Win32
		{58EB719B-4E83-46C9-96A3-465D516D7B3E}.Release|x86.Build.0 = Release|Win32
		{7F4D7D57-FB40-431E-A136-5B16946C7C16}.Debug|Any CPU.ActiveCfg = Debug|Any CPU
		{7F4D7D57-FB40-431E-A136-5B16946C7C16}.Debug|Any CPU.Build.0 = Debug|Any CPU
		{7F4D7D57-FB40-431E-A136-5B16946C7C16}.Debug|ARM.ActiveCfg = Debug|Any CPU
		{7F4D7D57-FB40-431E-A136-5B16946C7C16}.Debug|Mixed Platforms.ActiveCfg = Debug|Any CPU
		{7F4D7D57-FB40-431E-A136-5B16946C7C16}.Debug|Mixed Platforms.Build.0 = Debug|Any CPU
		{7F4D7D57-FB40-431E-A136-5B16946C7C16}.Debug|Win32.ActiveCfg = Debug|Any CPU
		{7F4D7D57-FB40-431E-A136-5B16946C7C16}.Debug|x64.ActiveCfg = Debug|Any CPU
		{7F4D7D57-FB40-431E-A136-5B16946C7C16}.Debug|x86.ActiveCfg = Debug|Any CPU
		{7F4D7D57-FB40-431E-A136-5B16946C7C16}.Release|Any CPU.ActiveCfg = Release|Any CPU
		{7F4D7D57-FB40-431E-A136-5B16946C7C16}.Release|Any CPU.Build.0 = Release|Any CPU
		{7F4D7D57-FB40-431E-A136-5B16946C7C16}.Release|ARM.ActiveCfg = Release|Any CPU
		{7F4D7D57-FB40-431E-A136-5B16946C7C16}.Release|Mixed Platforms.ActiveCfg = Release|Any CPU
		{7F4D7D57-FB40-431E-A136-5B16946C7C16}.Release|Mixed Platforms.Build.0 = Release|Any CPU
		{7F4D7D57-FB40-431E-A136-5B16946C7C16}.Release|Win32.ActiveCfg = Release|Any CPU
		{7F4D7D57-FB40-431E-A136-5B16946C7C16}.Release|x64.ActiveCfg = Release|Any CPU
		{7F4D7D57-FB40-431E-A136-5B16946C7C16}.Release|x86.ActiveCfg = Release|Any CPU
		{E65B726D-3D64-4698-8141-CF727094CCD7}.Debug|Any CPU.ActiveCfg = Debug|Any CPU
		{E65B726D-3D64-4698-8141-CF727094CCD7}.Debug|Any CPU.Build.0 = Debug|Any CPU
		{E65B726D-3D64-4698-8141-CF727094CCD7}.Debug|ARM.ActiveCfg = Debug|Any CPU
		{E65B726D-3D64-4698-8141-CF727094CCD7}.Debug|Mixed Platforms.ActiveCfg = Debug|Any CPU
		{E65B726D-3D64-4698-8141-CF727094CCD7}.Debug|Mixed Platforms.Build.0 = Debug|Any CPU
		{E65B726D-3D64-4698-8141-CF727094CCD7}.Debug|Win32.ActiveCfg = Debug|Any CPU
		{E65B726D-3D64-4698-8141-CF727094CCD7}.Debug|x64.ActiveCfg = Debug|Any CPU
		{E65B726D-3D64-4698-8141-CF727094CCD7}.Debug|x86.ActiveCfg = Debug|Any CPU
		{E65B726D-3D64-4698-8141-CF727094CCD7}.Release|Any CPU.ActiveCfg = Release|Any CPU
		{E65B726D-3D64-4698-8141-CF727094CCD7}.Release|Any CPU.Build.0 = Release|Any CPU
		{E65B726D-3D64-4698-8141-CF727094CCD7}.Release|ARM.ActiveCfg = Release|Any CPU
		{E65B726D-3D64-4698-8141-CF727094CCD7}.Release|Mixed Platforms.ActiveCfg = Release|Any CPU
		{E65B726D-3D64-4698-8141-CF727094CCD7}.Release|Mixed Platforms.Build.0 = Release|Any CPU
		{E65B726D-3D64-4698-8141-CF727094CCD7}.Release|Win32.ActiveCfg = Release|Any CPU
		{E65B726D-3D64-4698-8141-CF727094CCD7}.Release|x64.ActiveCfg = Release|Any CPU
		{E65B726D-3D64-4698-8141-CF727094CCD7}.Release|x86.ActiveCfg = Release|Any CPU
		{8E7A5587-905E-4E31-A8F5-BD7AC6973BFF}.Debug|Any CPU.ActiveCfg = Debug|Any CPU
		{8E7A5587-905E-4E31-A8F5-BD7AC6973BFF}.Debug|Any CPU.Build.0 = Debug|Any CPU
		{8E7A5587-905E-4E31-A8F5-BD7AC6973BFF}.Debug|ARM.ActiveCfg = Debug|Any CPU
		{8E7A5587-905E-4E31-A8F5-BD7AC6973BFF}.Debug|Mixed Platforms.ActiveCfg = Debug|Any CPU
		{8E7A5587-905E-4E31-A8F5-BD7AC6973BFF}.Debug|Mixed Platforms.Build.0 = Debug|Any CPU
		{8E7A5587-905E-4E31-A8F5-BD7AC6973BFF}.Debug|Win32.ActiveCfg = Debug|Any CPU
		{8E7A5587-905E-4E31-A8F5-BD7AC6973BFF}.Debug|x64.ActiveCfg = Debug|Any CPU
		{8E7A5587-905E-4E31-A8F5-BD7AC6973BFF}.Debug|x86.ActiveCfg = Debug|Any CPU
		{8E7A5587-905E-4E31-A8F5-BD7AC6973BFF}.Release|Any CPU.ActiveCfg = Release|Any CPU
		{8E7A5587-905E-4E31-A8F5-BD7AC6973BFF}.Release|Any CPU.Build.0 = Release|Any CPU
		{8E7A5587-905E-4E31-A8F5-BD7AC6973BFF}.Release|ARM.ActiveCfg = Release|Any CPU
		{8E7A5587-905E-4E31-A8F5-BD7AC6973BFF}.Release|Mixed Platforms.ActiveCfg = Release|Any CPU
		{8E7A5587-905E-4E31-A8F5-BD7AC6973BFF}.Release|Mixed Platforms.Build.0 = Release|Any CPU
		{8E7A5587-905E-4E31-A8F5-BD7AC6973BFF}.Release|Win32.ActiveCfg = Release|Any CPU
		{8E7A5587-905E-4E31-A8F5-BD7AC6973BFF}.Release|x64.ActiveCfg = Release|Any CPU
		{8E7A5587-905E-4E31-A8F5-BD7AC6973BFF}.Release|x86.ActiveCfg = Release|Any CPU
	EndGlobalSection
	GlobalSection(SolutionProperties) = preSolution
		HideSolutionNode = FALSE
	EndGlobalSection
	GlobalSection(Performance) = preSolution
		HasPerformanceSessions = true
	EndGlobalSection
EndGlobal
