
Microsoft Visual Studio Solution File, Format Version 12.00
# Visual Studio Version 16
VisualStudioVersion = 16.0.29806.167
MinimumVisualStudioVersion = 10.0.40219.1
Project("{FAE04EC0-301F-11D3-BF4B-00C04F79EFBC}") = "Assembly", "Assembly\Assembly.csproj", "{CF8EA988-3789-48C4-8E2D-BD157A8B1CC4}"
	ProjectSection(ProjectDependencies) = postProject
		{96A482D0-E898-4228-801B-A7EB1887596D} = {96A482D0-E898-4228-801B-A7EB1887596D}
	EndProjectSection
EndProject
Project("{FAE04EC0-301F-11D3-BF4B-00C04F79EFBC}") = "Blamite", "Blamite\Blamite.csproj", "{6B105AB9-84A0-4774-B319-75E9CAB3DB4B}"
EndProject
Project("{FAE04EC0-301F-11D3-BF4B-00C04F79EFBC}") = "AssemblyUpdateManager", "AssemblyUpdateManager\AssemblyUpdateManager.csproj", "{23E2F974-DDE9-48D9-9C77-D4D9ED964F87}"
EndProject
Project("{2150E333-8FDC-42A3-9474-1A3956D46DE8}") = ".nuget", ".nuget", "{76B7476B-65DC-4305-AB6F-99A8B0060CC6}"
	ProjectSection(SolutionItems) = preProject
		.nuget\NuGet.Config = .nuget\NuGet.Config
		.nuget\NuGet.exe = .nuget\NuGet.exe
		.nuget\NuGet.targets = .nuget\NuGet.targets
	EndProjectSection
EndProject
Project("{FAE04EC0-301F-11D3-BF4B-00C04F79EFBC}") = "MapExpandDotNet", "MapExpandDotNet\MapExpandDotNet.csproj", "{322270FA-C943-45EF-996D-023DCC313F50}"
EndProject
Project("{FAE04EC0-301F-11D3-BF4B-00C04F79EFBC}") = "StringDump", "StringDump\StringDump.csproj", "{621FC65D-5A7B-474A-8D9B-790E8C866790}"
EndProject
Project("{FAE04EC0-301F-11D3-BF4B-00C04F79EFBC}") = "SharedDump", "SharedDump\SharedDump.csproj", "{3F45E272-97A9-45CA-8F01-27D4528C6343}"
EndProject
Project("{FAE04EC0-301F-11D3-BF4B-00C04F79EFBC}") = "BlockAlignmentScanner", "BlockAlignmentScanner\BlockAlignmentScanner.csproj", "{6C9DFA77-09C2-49EA-8934-03766BBD43CB}"
EndProject
Project("{8BC9CEB8-8B4A-11D0-8D11-00A0C91BC942}") = "AssemblyIconLibrary", "AssemblyIconLibrary\AssemblyIconLibrary.vcxproj", "{96A482D0-E898-4228-801B-A7EB1887596D}"
EndProject
Project("{9A19103F-16F7-4668-BE54-9A1E7A4F7556}") = "ScriptWalkerApp", "ScriptWalker\ScriptWalkerApp.csproj", "{6833E60D-61E7-4A36-95FE-C452C719227B}"
EndProject
Project("{9A19103F-16F7-4668-BE54-9A1E7A4F7556}") = "ScriptTool", "ScriptTool\ScriptTool.csproj", "{D63E339E-2A06-47BE-94D3-9A314590A052}"
EndProject
Global
	GlobalSection(SolutionConfigurationPlatforms) = preSolution
		Debug|Win64 = Debug|Win64
		Release|Win64 = Release|Win64
	EndGlobalSection
	GlobalSection(ProjectConfigurationPlatforms) = postSolution
		{CF8EA988-3789-48C4-8E2D-BD157A8B1CC4}.Debug|Win64.ActiveCfg = Debug|x64
		{CF8EA988-3789-48C4-8E2D-BD157A8B1CC4}.Debug|Win64.Build.0 = Debug|x64
		{CF8EA988-3789-48C4-8E2D-BD157A8B1CC4}.Release|Win64.ActiveCfg = Release|x64
		{CF8EA988-3789-48C4-8E2D-BD157A8B1CC4}.Release|Win64.Build.0 = Release|x64
		{6B105AB9-84A0-4774-B319-75E9CAB3DB4B}.Debug|Win64.ActiveCfg = Debug|x64
		{6B105AB9-84A0-4774-B319-75E9CAB3DB4B}.Debug|Win64.Build.0 = Debug|x64
		{6B105AB9-84A0-4774-B319-75E9CAB3DB4B}.Release|Win64.ActiveCfg = Release|x64
		{6B105AB9-84A0-4774-B319-75E9CAB3DB4B}.Release|Win64.Build.0 = Release|x64
		{23E2F974-DDE9-48D9-9C77-D4D9ED964F87}.Debug|Win64.ActiveCfg = Debug|x64
		{23E2F974-DDE9-48D9-9C77-D4D9ED964F87}.Debug|Win64.Build.0 = Debug|x64
		{23E2F974-DDE9-48D9-9C77-D4D9ED964F87}.Release|Win64.ActiveCfg = Release|x64
		{23E2F974-DDE9-48D9-9C77-D4D9ED964F87}.Release|Win64.Build.0 = Release|x64
		{322270FA-C943-45EF-996D-023DCC313F50}.Debug|Win64.ActiveCfg = Debug|x64
		{322270FA-C943-45EF-996D-023DCC313F50}.Debug|Win64.Build.0 = Debug|x64
		{322270FA-C943-45EF-996D-023DCC313F50}.Release|Win64.ActiveCfg = Release|x64
		{322270FA-C943-45EF-996D-023DCC313F50}.Release|Win64.Build.0 = Release|x64
		{621FC65D-5A7B-474A-8D9B-790E8C866790}.Debug|Win64.ActiveCfg = Debug|x64
		{621FC65D-5A7B-474A-8D9B-790E8C866790}.Debug|Win64.Build.0 = Debug|x64
		{621FC65D-5A7B-474A-8D9B-790E8C866790}.Release|Win64.ActiveCfg = Release|x64
		{621FC65D-5A7B-474A-8D9B-790E8C866790}.Release|Win64.Build.0 = Release|x64
		{3F45E272-97A9-45CA-8F01-27D4528C6343}.Debug|Win64.ActiveCfg = Debug|x64
		{3F45E272-97A9-45CA-8F01-27D4528C6343}.Debug|Win64.Build.0 = Debug|x64
		{3F45E272-97A9-45CA-8F01-27D4528C6343}.Release|Win64.ActiveCfg = Release|x64
		{3F45E272-97A9-45CA-8F01-27D4528C6343}.Release|Win64.Build.0 = Release|x64
		{6C9DFA77-09C2-49EA-8934-03766BBD43CB}.Debug|Win64.ActiveCfg = Debug|x64
		{6C9DFA77-09C2-49EA-8934-03766BBD43CB}.Debug|Win64.Build.0 = Debug|x64
		{6C9DFA77-09C2-49EA-8934-03766BBD43CB}.Release|Win64.ActiveCfg = Release|x64
		{6C9DFA77-09C2-49EA-8934-03766BBD43CB}.Release|Win64.Build.0 = Release|x64
		{96A482D0-E898-4228-801B-A7EB1887596D}.Debug|Win64.ActiveCfg = Debug|x64
		{96A482D0-E898-4228-801B-A7EB1887596D}.Debug|Win64.Build.0 = Debug|x64
		{96A482D0-E898-4228-801B-A7EB1887596D}.Release|Win64.ActiveCfg = Release|x64
		{96A482D0-E898-4228-801B-A7EB1887596D}.Release|Win64.Build.0 = Release|x64
		{6833E60D-61E7-4A36-95FE-C452C719227B}.Debug|Win64.ActiveCfg = Debug|x64
		{6833E60D-61E7-4A36-95FE-C452C719227B}.Debug|Win64.Build.0 = Debug|x64
		{6833E60D-61E7-4A36-95FE-C452C719227B}.Release|Win64.ActiveCfg = Release|x64
		{6833E60D-61E7-4A36-95FE-C452C719227B}.Release|Win64.Build.0 = Release|x64
		{D63E339E-2A06-47BE-94D3-9A314590A052}.Debug|Win64.ActiveCfg = Debug|x64
		{D63E339E-2A06-47BE-94D3-9A314590A052}.Debug|Win64.Build.0 = Debug|x64
		{D63E339E-2A06-47BE-94D3-9A314590A052}.Release|Win64.ActiveCfg = Release|x64
		{D63E339E-2A06-47BE-94D3-9A314590A052}.Release|Win64.Build.0 = Release|x64
	EndGlobalSection
	GlobalSection(SolutionProperties) = preSolution
		HideSolutionNode = FALSE
	EndGlobalSection
	GlobalSection(ExtensibilityGlobals) = postSolution
		SolutionGuid = {A94D2D61-0493-4800-A352-B0DDBADAFEF7}
	EndGlobalSection
	GlobalSection(MonoDevelopProperties) = preSolution
		StartupItem = Assembly\Assembly.csproj
		Policies = $0
		$0.DotNetNamingPolicy = $1
		$1.DirectoryNamespaceAssociation = PrefixedHierarchical
		$1.ResourceNamePolicy = MSBuild
		$0.TextStylePolicy = $4
		$2.inheritsSet = null
		$2.scope = text/x-csharp
		$0.CSharpFormattingPolicy = $3
		$3.AnonymousMethodBraceStyle = NextLine
		$3.PropertyBraceStyle = NextLine
		$3.PropertyGetBraceStyle = NextLine
		$3.PropertySetBraceStyle = NextLine
		$3.EventAddBraceStyle = NextLine
		$3.EventRemoveBraceStyle = NextLine
		$3.StatementBraceStyle = NextLine
		$3.ElseNewLinePlacement = NewLine
		$3.ElseIfNewLinePlacement = SameLine
		$3.CatchNewLinePlacement = NewLine
		$3.FinallyNewLinePlacement = NewLine
		$3.WhileNewLinePlacement = NewLine
		$3.BeforeMethodDeclarationParentheses = False
		$3.BeforeMethodCallParentheses = False
		$3.BeforeConstructorDeclarationParentheses = False
		$3.BeforeIndexerDeclarationBracket = False
		$3.BeforeDelegateDeclarationParentheses = False
		$3.AfterDelegateDeclarationParameterComma = True
		$3.NewParentheses = False
		$3.SpacesBeforeBrackets = False
		$3.inheritsSet = Mono
		$3.inheritsScope = text/x-csharp
		$3.scope = text/x-csharp
		$4.FileWidth = 120
		$4.TabsToSpaces = False
		$4.EolMarker = Windows
		$4.inheritsSet = VisualStudio
		$4.inheritsScope = text/plain
		$4.scope = text/plain
		$0.StandardHeader = $5
		$5.Text = 
		$5.IncludeInNewFiles = True
		$0.NameConventionPolicy = $6
		$6.Rules = $7
		$7.NamingRule = $27
		$8.Name = Namespaces
		$8.AffectedEntity = Namespace
		$8.VisibilityMask = VisibilityMask
		$8.NamingStyle = PascalCase
		$8.IncludeInstanceMembers = True
		$8.IncludeStaticEntities = True
		$9.Name = Types
		$9.AffectedEntity = Class, Struct, Enum, Delegate
		$9.VisibilityMask = Public
		$9.NamingStyle = PascalCase
		$9.IncludeInstanceMembers = True
		$9.IncludeStaticEntities = True
		$10.Name = Interfaces
		$10.RequiredPrefixes = $11
		$11.String = I
		$10.AffectedEntity = Interface
		$10.VisibilityMask = Public
		$10.NamingStyle = PascalCase
		$10.IncludeInstanceMembers = True
		$10.IncludeStaticEntities = True
		$12.Name = Attributes
		$12.RequiredSuffixes = $13
		$13.String = Attribute
		$12.AffectedEntity = CustomAttributes
		$12.VisibilityMask = Public
		$12.NamingStyle = PascalCase
		$12.IncludeInstanceMembers = True
		$12.IncludeStaticEntities = True
		$14.Name = Event Arguments
		$14.RequiredSuffixes = $15
		$15.String = EventArgs
		$14.AffectedEntity = CustomEventArgs
		$14.VisibilityMask = Public
		$14.NamingStyle = PascalCase
		$14.IncludeInstanceMembers = True
		$14.IncludeStaticEntities = True
		$16.Name = Exceptions
		$16.RequiredSuffixes = $17
		$17.String = Exception
		$16.AffectedEntity = CustomExceptions
		$16.VisibilityMask = VisibilityMask
		$16.NamingStyle = PascalCase
		$16.IncludeInstanceMembers = True
		$16.IncludeStaticEntities = True
		$18.Name = Methods
		$18.AffectedEntity = Methods
		$18.VisibilityMask = Protected, Public
		$18.NamingStyle = PascalCase
		$18.IncludeInstanceMembers = True
		$18.IncludeStaticEntities = True
		$19.Name = Static Readonly Fields
		$19.AffectedEntity = ReadonlyField
		$19.VisibilityMask = Protected, Public
		$19.NamingStyle = PascalCase
		$19.IncludeInstanceMembers = False
		$19.IncludeStaticEntities = True
		$20.Name = Fields
		$20.AffectedEntity = Field
		$20.VisibilityMask = Protected, Public
		$20.NamingStyle = PascalCase
		$20.IncludeInstanceMembers = True
		$20.IncludeStaticEntities = True
		$21.Name = ReadOnly Fields
		$21.AffectedEntity = ReadonlyField
		$21.VisibilityMask = Protected, Public
		$21.NamingStyle = PascalCase
		$21.IncludeInstanceMembers = True
		$21.IncludeStaticEntities = False
		$22.Name = Constant Fields
		$22.AffectedEntity = ConstantField
		$22.VisibilityMask = Protected, Public
		$22.NamingStyle = PascalCase
		$22.IncludeInstanceMembers = True
		$22.IncludeStaticEntities = True
		$23.Name = Properties
		$23.AffectedEntity = Property
		$23.VisibilityMask = Protected, Public
		$23.NamingStyle = PascalCase
		$23.IncludeInstanceMembers = True
		$23.IncludeStaticEntities = True
		$24.Name = Events
		$24.AffectedEntity = Event
		$24.VisibilityMask = Protected, Public
		$24.NamingStyle = PascalCase
		$24.IncludeInstanceMembers = True
		$24.IncludeStaticEntities = True
		$25.Name = Enum Members
		$25.AffectedEntity = EnumMember
		$25.VisibilityMask = VisibilityMask
		$25.NamingStyle = PascalCase
		$25.IncludeInstanceMembers = True
		$25.IncludeStaticEntities = True
		$26.Name = Parameters
		$26.AffectedEntity = Parameter
		$26.VisibilityMask = VisibilityMask
		$26.NamingStyle = CamelCase
		$26.IncludeInstanceMembers = True
		$26.IncludeStaticEntities = True
		$27.Name = Type Parameters
		$27.RequiredPrefixes = $28
		$28.String = T
		$27.AffectedEntity = TypeParameter
		$27.VisibilityMask = VisibilityMask
		$27.NamingStyle = PascalCase
		$27.IncludeInstanceMembers = True
		$27.IncludeStaticEntities = True
	EndGlobalSection
EndGlobal
