
Microsoft Visual Studio Solution File, Format Version 12.00
# Visual Studio 2012
Project("{FAE04EC0-301F-11D3-BF4B-00C04F79EFBC}") = "Assembly", "Assembly\Assembly.csproj", "{CF8EA988-3789-48C4-8E2D-BD157A8B1CC4}"
EndProject
Project("{FAE04EC0-301F-11D3-BF4B-00C04F79EFBC}") = "Blamite", "Blamite\Blamite.csproj", "{6B105AB9-84A0-4774-B319-75E9CAB3DB4B}"
EndProject
Project("{FAE04EC0-301F-11D3-BF4B-00C04F79EFBC}") = "XBDMCommunicator", "XBDMCommunicator\XBDMCommunicator.csproj", "{CF7B2216-1F9E-4BCF-BCF2-F76FB38D69BB}"
EndProject
Project("{FAE04EC0-301F-11D3-BF4B-00C04F79EFBC}") = "AssemblyUpdateManager", "AssemblyUpdateManager\AssemblyUpdateManager.csproj", "{23E2F974-DDE9-48D9-9C77-D4D9ED964F87}"
EndProject
Project("{2150E333-8FDC-42A3-9474-1A3956D46DE8}") = ".nuget", ".nuget", "{76B7476B-65DC-4305-AB6F-99A8B0060CC6}"
	ProjectSection(SolutionItems) = preProject
		.nuget\NuGet.Config = .nuget\NuGet.Config
		.nuget\NuGet.exe = .nuget\NuGet.exe
		.nuget\NuGet.targets = .nuget\NuGet.targets
	EndProjectSection
EndProject
Project("{FAE04EC0-301F-11D3-BF4B-00C04F79EFBC}") = "MetaCacheContentGenerator", "MetaCacheContentGenerator\MetaCacheContentGenerator.csproj", "{F5FA9AC4-FC4C-40AF-97CD-A4FAA09F6E16}"
EndProject
Project("{FAE04EC0-301F-11D3-BF4B-00C04F79EFBC}") = "MapExpandDotNet", "MapExpandDotNet\MapExpandDotNet.csproj", "{322270FA-C943-45EF-996D-023DCC313F50}"
EndProject
Project("{FAE04EC0-301F-11D3-BF4B-00C04F79EFBC}") = "StringDump", "StringDump\StringDump.csproj", "{621FC65D-5A7B-474A-8D9B-790E8C866790}"
EndProject
Global
	GlobalSection(SolutionConfigurationPlatforms) = preSolution
		Debug|Any CPU = Debug|Any CPU
		Debug|ARM = Debug|ARM
		Debug|Mixed Platforms = Debug|Mixed Platforms
		Debug|Win32 = Debug|Win32
		Debug|x64 = Debug|x64
		Debug|x86 = Debug|x86
		Release|Any CPU = Release|Any CPU
		Release|ARM = Release|ARM
		Release|Mixed Platforms = Release|Mixed Platforms
		Release|Win32 = Release|Win32
		Release|x64 = Release|x64
		Release|x86 = Release|x86
	EndGlobalSection
	GlobalSection(ProjectConfigurationPlatforms) = postSolution
		{23E2F974-DDE9-48D9-9C77-D4D9ED964F87}.Debug|Any CPU.ActiveCfg = Debug|Any CPU
		{23E2F974-DDE9-48D9-9C77-D4D9ED964F87}.Debug|Any CPU.Build.0 = Debug|Any CPU
		{23E2F974-DDE9-48D9-9C77-D4D9ED964F87}.Debug|ARM.ActiveCfg = Debug|Any CPU
		{23E2F974-DDE9-48D9-9C77-D4D9ED964F87}.Debug|Mixed Platforms.ActiveCfg = Debug|Any CPU
		{23E2F974-DDE9-48D9-9C77-D4D9ED964F87}.Debug|Mixed Platforms.Build.0 = Debug|Any CPU
		{23E2F974-DDE9-48D9-9C77-D4D9ED964F87}.Debug|Win32.ActiveCfg = Debug|Any CPU
		{23E2F974-DDE9-48D9-9C77-D4D9ED964F87}.Debug|x64.ActiveCfg = Debug|Any CPU
		{23E2F974-DDE9-48D9-9C77-D4D9ED964F87}.Debug|x86.ActiveCfg = Debug|Any CPU
		{23E2F974-DDE9-48D9-9C77-D4D9ED964F87}.Release|Any CPU.ActiveCfg = Release|Any CPU
		{23E2F974-DDE9-48D9-9C77-D4D9ED964F87}.Release|Any CPU.Build.0 = Release|Any CPU
		{23E2F974-DDE9-48D9-9C77-D4D9ED964F87}.Release|ARM.ActiveCfg = Release|Any CPU
		{23E2F974-DDE9-48D9-9C77-D4D9ED964F87}.Release|Mixed Platforms.ActiveCfg = Release|Any CPU
		{23E2F974-DDE9-48D9-9C77-D4D9ED964F87}.Release|Mixed Platforms.Build.0 = Release|Any CPU
		{23E2F974-DDE9-48D9-9C77-D4D9ED964F87}.Release|Win32.ActiveCfg = Release|Any CPU
		{23E2F974-DDE9-48D9-9C77-D4D9ED964F87}.Release|x64.ActiveCfg = Release|Any CPU
		{23E2F974-DDE9-48D9-9C77-D4D9ED964F87}.Release|x86.ActiveCfg = Release|Any CPU
		{322270FA-C943-45EF-996D-023DCC313F50}.Debug|Any CPU.ActiveCfg = Debug|Any CPU
		{322270FA-C943-45EF-996D-023DCC313F50}.Debug|Any CPU.Build.0 = Debug|Any CPU
		{322270FA-C943-45EF-996D-023DCC313F50}.Debug|ARM.ActiveCfg = Debug|Any CPU
		{322270FA-C943-45EF-996D-023DCC313F50}.Debug|Mixed Platforms.ActiveCfg = Debug|Any CPU
		{322270FA-C943-45EF-996D-023DCC313F50}.Debug|Mixed Platforms.Build.0 = Debug|Any CPU
		{322270FA-C943-45EF-996D-023DCC313F50}.Debug|Win32.ActiveCfg = Debug|Any CPU
		{322270FA-C943-45EF-996D-023DCC313F50}.Debug|x64.ActiveCfg = Debug|Any CPU
		{322270FA-C943-45EF-996D-023DCC313F50}.Debug|x86.ActiveCfg = Debug|Any CPU
		{322270FA-C943-45EF-996D-023DCC313F50}.Release|Any CPU.ActiveCfg = Release|Any CPU
		{322270FA-C943-45EF-996D-023DCC313F50}.Release|Any CPU.Build.0 = Release|Any CPU
		{322270FA-C943-45EF-996D-023DCC313F50}.Release|ARM.ActiveCfg = Release|Any CPU
		{322270FA-C943-45EF-996D-023DCC313F50}.Release|Mixed Platforms.ActiveCfg = Release|Any CPU
		{322270FA-C943-45EF-996D-023DCC313F50}.Release|Mixed Platforms.Build.0 = Release|Any CPU
		{322270FA-C943-45EF-996D-023DCC313F50}.Release|Win32.ActiveCfg = Release|Any CPU
		{322270FA-C943-45EF-996D-023DCC313F50}.Release|x64.ActiveCfg = Release|Any CPU
		{322270FA-C943-45EF-996D-023DCC313F50}.Release|x86.ActiveCfg = Release|Any CPU
		{621FC65D-5A7B-474A-8D9B-790E8C866790}.Debug|Any CPU.ActiveCfg = Debug|Any CPU
		{621FC65D-5A7B-474A-8D9B-790E8C866790}.Debug|Any CPU.Build.0 = Debug|Any CPU
		{621FC65D-5A7B-474A-8D9B-790E8C866790}.Debug|ARM.ActiveCfg = Debug|Any CPU
		{621FC65D-5A7B-474A-8D9B-790E8C866790}.Debug|Mixed Platforms.ActiveCfg = Debug|Any CPU
		{621FC65D-5A7B-474A-8D9B-790E8C866790}.Debug|Mixed Platforms.Build.0 = Debug|Any CPU
		{621FC65D-5A7B-474A-8D9B-790E8C866790}.Debug|Win32.ActiveCfg = Debug|Any CPU
		{621FC65D-5A7B-474A-8D9B-790E8C866790}.Debug|x64.ActiveCfg = Debug|Any CPU
		{621FC65D-5A7B-474A-8D9B-790E8C866790}.Debug|x86.ActiveCfg = Debug|Any CPU
		{621FC65D-5A7B-474A-8D9B-790E8C866790}.Release|Any CPU.ActiveCfg = Release|Any CPU
		{621FC65D-5A7B-474A-8D9B-790E8C866790}.Release|Any CPU.Build.0 = Release|Any CPU
		{621FC65D-5A7B-474A-8D9B-790E8C866790}.Release|ARM.ActiveCfg = Release|Any CPU
		{621FC65D-5A7B-474A-8D9B-790E8C866790}.Release|Mixed Platforms.ActiveCfg = Release|Any CPU
		{621FC65D-5A7B-474A-8D9B-790E8C866790}.Release|Mixed Platforms.Build.0 = Release|Any CPU
		{621FC65D-5A7B-474A-8D9B-790E8C866790}.Release|Win32.ActiveCfg = Release|Any CPU
		{621FC65D-5A7B-474A-8D9B-790E8C866790}.Release|x64.ActiveCfg = Release|Any CPU
		{621FC65D-5A7B-474A-8D9B-790E8C866790}.Release|x86.ActiveCfg = Release|Any CPU
		{6B105AB9-84A0-4774-B319-75E9CAB3DB4B}.Debug|Any CPU.ActiveCfg = Debug|Any CPU
		{6B105AB9-84A0-4774-B319-75E9CAB3DB4B}.Debug|Any CPU.Build.0 = Debug|Any CPU
		{6B105AB9-84A0-4774-B319-75E9CAB3DB4B}.Debug|ARM.ActiveCfg = Debug|Any CPU
		{6B105AB9-84A0-4774-B319-75E9CAB3DB4B}.Debug|Mixed Platforms.ActiveCfg = Debug|Any CPU
		{6B105AB9-84A0-4774-B319-75E9CAB3DB4B}.Debug|Mixed Platforms.Build.0 = Debug|Any CPU
		{6B105AB9-84A0-4774-B319-75E9CAB3DB4B}.Debug|Win32.ActiveCfg = Debug|Any CPU
		{6B105AB9-84A0-4774-B319-75E9CAB3DB4B}.Debug|x64.ActiveCfg = Debug|Any CPU
		{6B105AB9-84A0-4774-B319-75E9CAB3DB4B}.Debug|x86.ActiveCfg = Debug|Any CPU
		{6B105AB9-84A0-4774-B319-75E9CAB3DB4B}.Release|Any CPU.ActiveCfg = Release|Any CPU
		{6B105AB9-84A0-4774-B319-75E9CAB3DB4B}.Release|Any CPU.Build.0 = Release|Any CPU
		{6B105AB9-84A0-4774-B319-75E9CAB3DB4B}.Release|ARM.ActiveCfg = Release|Any CPU
		{6B105AB9-84A0-4774-B319-75E9CAB3DB4B}.Release|Mixed Platforms.ActiveCfg = Release|Any CPU
		{6B105AB9-84A0-4774-B319-75E9CAB3DB4B}.Release|Mixed Platforms.Build.0 = Release|Any CPU
		{6B105AB9-84A0-4774-B319-75E9CAB3DB4B}.Release|Win32.ActiveCfg = Release|Any CPU
		{6B105AB9-84A0-4774-B319-75E9CAB3DB4B}.Release|x64.ActiveCfg = Release|Any CPU
		{6B105AB9-84A0-4774-B319-75E9CAB3DB4B}.Release|x86.ActiveCfg = Release|Any CPU
		{CF7B2216-1F9E-4BCF-BCF2-F76FB38D69BB}.Debug|Any CPU.ActiveCfg = Debug|Any CPU
		{CF7B2216-1F9E-4BCF-BCF2-F76FB38D69BB}.Debug|Any CPU.Build.0 = Debug|Any CPU
		{CF7B2216-1F9E-4BCF-BCF2-F76FB38D69BB}.Debug|ARM.ActiveCfg = Debug|Any CPU
		{CF7B2216-1F9E-4BCF-BCF2-F76FB38D69BB}.Debug|Mixed Platforms.ActiveCfg = Debug|Any CPU
		{CF7B2216-1F9E-4BCF-BCF2-F76FB38D69BB}.Debug|Mixed Platforms.Build.0 = Debug|Any CPU
		{CF7B2216-1F9E-4BCF-BCF2-F76FB38D69BB}.Debug|Win32.ActiveCfg = Debug|Any CPU
		{CF7B2216-1F9E-4BCF-BCF2-F76FB38D69BB}.Debug|x64.ActiveCfg = Debug|Any CPU
		{CF7B2216-1F9E-4BCF-BCF2-F76FB38D69BB}.Debug|x86.ActiveCfg = Debug|Any CPU
		{CF7B2216-1F9E-4BCF-BCF2-F76FB38D69BB}.Release|Any CPU.ActiveCfg = Release|Any CPU
		{CF7B2216-1F9E-4BCF-BCF2-F76FB38D69BB}.Release|Any CPU.Build.0 = Release|Any CPU
		{CF7B2216-1F9E-4BCF-BCF2-F76FB38D69BB}.Release|ARM.ActiveCfg = Release|Any CPU
		{CF7B2216-1F9E-4BCF-BCF2-F76FB38D69BB}.Release|Mixed Platforms.ActiveCfg = Release|Any CPU
		{CF7B2216-1F9E-4BCF-BCF2-F76FB38D69BB}.Release|Mixed Platforms.Build.0 = Release|Any CPU
		{CF7B2216-1F9E-4BCF-BCF2-F76FB38D69BB}.Release|Win32.ActiveCfg = Release|Any CPU
		{CF7B2216-1F9E-4BCF-BCF2-F76FB38D69BB}.Release|x64.ActiveCfg = Release|Any CPU
		{CF7B2216-1F9E-4BCF-BCF2-F76FB38D69BB}.Release|x86.ActiveCfg = Release|Any CPU
		{CF8EA988-3789-48C4-8E2D-BD157A8B1CC4}.Debug|Any CPU.ActiveCfg = Debug|Any CPU
		{CF8EA988-3789-48C4-8E2D-BD157A8B1CC4}.Debug|Any CPU.Build.0 = Debug|Any CPU
		{CF8EA988-3789-48C4-8E2D-BD157A8B1CC4}.Debug|ARM.ActiveCfg = Debug|Any CPU
		{CF8EA988-3789-48C4-8E2D-BD157A8B1CC4}.Debug|Mixed Platforms.ActiveCfg = Debug|Any CPU
		{CF8EA988-3789-48C4-8E2D-BD157A8B1CC4}.Debug|Mixed Platforms.Build.0 = Debug|Any CPU
		{CF8EA988-3789-48C4-8E2D-BD157A8B1CC4}.Debug|Win32.ActiveCfg = Debug|Any CPU
		{CF8EA988-3789-48C4-8E2D-BD157A8B1CC4}.Debug|x64.ActiveCfg = Debug|Any CPU
		{CF8EA988-3789-48C4-8E2D-BD157A8B1CC4}.Debug|x86.ActiveCfg = Debug|Any CPU
		{CF8EA988-3789-48C4-8E2D-BD157A8B1CC4}.Release|Any CPU.ActiveCfg = Release|Any CPU
		{CF8EA988-3789-48C4-8E2D-BD157A8B1CC4}.Release|Any CPU.Build.0 = Release|Any CPU
		{CF8EA988-3789-48C4-8E2D-BD157A8B1CC4}.Release|ARM.ActiveCfg = Release|Any CPU
		{CF8EA988-3789-48C4-8E2D-BD157A8B1CC4}.Release|Mixed Platforms.ActiveCfg = Release|Any CPU
		{CF8EA988-3789-48C4-8E2D-BD157A8B1CC4}.Release|Mixed Platforms.Build.0 = Release|Any CPU
		{CF8EA988-3789-48C4-8E2D-BD157A8B1CC4}.Release|Win32.ActiveCfg = Release|Any CPU
		{CF8EA988-3789-48C4-8E2D-BD157A8B1CC4}.Release|x64.ActiveCfg = Release|Any CPU
		{CF8EA988-3789-48C4-8E2D-BD157A8B1CC4}.Release|x86.ActiveCfg = Release|Any CPU
		{F5FA9AC4-FC4C-40AF-97CD-A4FAA09F6E16}.Debug|Any CPU.ActiveCfg = Debug|Any CPU
		{F5FA9AC4-FC4C-40AF-97CD-A4FAA09F6E16}.Debug|Any CPU.Build.0 = Debug|Any CPU
		{F5FA9AC4-FC4C-40AF-97CD-A4FAA09F6E16}.Debug|ARM.ActiveCfg = Debug|Any CPU
		{F5FA9AC4-FC4C-40AF-97CD-A4FAA09F6E16}.Debug|Mixed Platforms.ActiveCfg = Debug|Any CPU
		{F5FA9AC4-FC4C-40AF-97CD-A4FAA09F6E16}.Debug|Mixed Platforms.Build.0 = Debug|Any CPU
		{F5FA9AC4-FC4C-40AF-97CD-A4FAA09F6E16}.Debug|Win32.ActiveCfg = Debug|Any CPU
		{F5FA9AC4-FC4C-40AF-97CD-A4FAA09F6E16}.Debug|x64.ActiveCfg = Debug|Any CPU
		{F5FA9AC4-FC4C-40AF-97CD-A4FAA09F6E16}.Debug|x86.ActiveCfg = Debug|Any CPU
		{F5FA9AC4-FC4C-40AF-97CD-A4FAA09F6E16}.Release|Any CPU.ActiveCfg = Release|Any CPU
		{F5FA9AC4-FC4C-40AF-97CD-A4FAA09F6E16}.Release|Any CPU.Build.0 = Release|Any CPU
		{F5FA9AC4-FC4C-40AF-97CD-A4FAA09F6E16}.Release|ARM.ActiveCfg = Release|Any CPU
		{F5FA9AC4-FC4C-40AF-97CD-A4FAA09F6E16}.Release|Mixed Platforms.ActiveCfg = Release|Any CPU
		{F5FA9AC4-FC4C-40AF-97CD-A4FAA09F6E16}.Release|Mixed Platforms.Build.0 = Release|Any CPU
		{F5FA9AC4-FC4C-40AF-97CD-A4FAA09F6E16}.Release|Win32.ActiveCfg = Release|Any CPU
		{F5FA9AC4-FC4C-40AF-97CD-A4FAA09F6E16}.Release|x64.ActiveCfg = Release|Any CPU
		{F5FA9AC4-FC4C-40AF-97CD-A4FAA09F6E16}.Release|x86.ActiveCfg = Release|Any CPU
		{96A482D0-E898-4228-801B-A7EB1887596D}.Debug|Any CPU.ActiveCfg = Debug|Win32
		{96A482D0-E898-4228-801B-A7EB1887596D}.Debug|Any CPU.Build.0 = Debug|Win32
		{96A482D0-E898-4228-801B-A7EB1887596D}.Debug|ARM.ActiveCfg = Debug|Win32
		{96A482D0-E898-4228-801B-A7EB1887596D}.Debug|Mixed Platforms.ActiveCfg = Debug|Win32
		{96A482D0-E898-4228-801B-A7EB1887596D}.Debug|Mixed Platforms.Build.0 = Debug|Win32
		{96A482D0-E898-4228-801B-A7EB1887596D}.Debug|Win32.ActiveCfg = Debug|Win32
		{96A482D0-E898-4228-801B-A7EB1887596D}.Debug|Win32.Build.0 = Debug|Win32
		{96A482D0-E898-4228-801B-A7EB1887596D}.Debug|x64.ActiveCfg = Debug|Win32
		{96A482D0-E898-4228-801B-A7EB1887596D}.Debug|x86.ActiveCfg = Debug|Win32
		{96A482D0-E898-4228-801B-A7EB1887596D}.Debug|x86.Build.0 = Debug|Win32
		{96A482D0-E898-4228-801B-A7EB1887596D}.Release|Any CPU.ActiveCfg = Release|Win32
		{96A482D0-E898-4228-801B-A7EB1887596D}.Release|ARM.ActiveCfg = Release|Win32
		{96A482D0-E898-4228-801B-A7EB1887596D}.Release|Mixed Platforms.ActiveCfg = Release|Win32
		{96A482D0-E898-4228-801B-A7EB1887596D}.Release|Mixed Platforms.Build.0 = Release|Win32
		{96A482D0-E898-4228-801B-A7EB1887596D}.Release|Win32.ActiveCfg = Release|Win32
		{96A482D0-E898-4228-801B-A7EB1887596D}.Release|Win32.Build.0 = Release|Win32
		{96A482D0-E898-4228-801B-A7EB1887596D}.Release|x64.ActiveCfg = Release|Win32
		{96A482D0-E898-4228-801B-A7EB1887596D}.Release|x86.ActiveCfg = Release|Win32
		{96A482D0-E898-4228-801B-A7EB1887596D}.Release|x86.Build.0 = Release|Win32
	EndGlobalSection
	GlobalSection(NestedProjects) = preSolution
	EndGlobalSection
	GlobalSection(MonoDevelopProperties) = preSolution
		StartupItem = Assembly\Assembly.csproj
		Policies = $0
		$0.DotNetNamingPolicy = $1
		$1.DirectoryNamespaceAssociation = PrefixedHierarchical
		$1.ResourceNamePolicy = MSBuild
		$0.TextStylePolicy = $2
		$2.inheritsSet = null
		$2.scope = text/x-csharp
		$0.CSharpFormattingPolicy = $3
		$3.AnonymousMethodBraceStyle = NextLine
		$3.PropertyBraceStyle = NextLine
		$3.PropertyGetBraceStyle = NextLine
		$3.PropertySetBraceStyle = NextLine
		$3.EventAddBraceStyle = NextLine
		$3.EventRemoveBraceStyle = NextLine
		$3.StatementBraceStyle = NextLine
		$3.ElseNewLinePlacement = NewLine
		$3.ElseIfNewLinePlacement = SameLine
		$3.CatchNewLinePlacement = NewLine
		$3.FinallyNewLinePlacement = NewLine
		$3.WhileNewLinePlacement = NewLine
		$3.BeforeMethodDeclarationParentheses = False
		$3.BeforeMethodCallParentheses = False
		$3.BeforeConstructorDeclarationParentheses = False
		$3.BeforeIndexerDeclarationBracket = False
		$3.BeforeDelegateDeclarationParentheses = False
		$3.AfterDelegateDeclarationParameterComma = True
		$3.NewParentheses = False
		$3.SpacesBeforeBrackets = False
		$3.inheritsSet = Mono
		$3.inheritsScope = text/x-csharp
		$3.scope = text/x-csharp
		$0.TextStylePolicy = $4
		$4.FileWidth = 120
		$4.TabsToSpaces = False
		$4.EolMarker = Windows
		$4.inheritsSet = VisualStudio
		$4.inheritsScope = text/plain
		$4.scope = text/plain
		$0.StandardHeader = $5
		$5.Text = 
		$5.IncludeInNewFiles = True
		$0.NameConventionPolicy = $6
		$6.Rules = $7
		$7.NamingRule = $8
		$8.Name = Namespaces
		$8.AffectedEntity = Namespace
		$8.VisibilityMask = VisibilityMask
		$8.NamingStyle = PascalCase
		$8.IncludeInstanceMembers = True
		$8.IncludeStaticEntities = True
		$7.NamingRule = $9
		$9.Name = Types
		$9.AffectedEntity = Class, Struct, Enum, Delegate
		$9.VisibilityMask = Public
		$9.NamingStyle = PascalCase
		$9.IncludeInstanceMembers = True
		$9.IncludeStaticEntities = True
		$7.NamingRule = $10
		$10.Name = Interfaces
		$10.RequiredPrefixes = $11
		$11.String = I
		$10.AffectedEntity = Interface
		$10.VisibilityMask = Public
		$10.NamingStyle = PascalCase
		$10.IncludeInstanceMembers = True
		$10.IncludeStaticEntities = True
		$7.NamingRule = $12
		$12.Name = Attributes
		$12.RequiredSuffixes = $13
		$13.String = Attribute
		$12.AffectedEntity = CustomAttributes
		$12.VisibilityMask = Public
		$12.NamingStyle = PascalCase
		$12.IncludeInstanceMembers = True
		$12.IncludeStaticEntities = True
		$7.NamingRule = $14
		$14.Name = Event Arguments
		$14.RequiredSuffixes = $15
		$15.String = EventArgs
		$14.AffectedEntity = CustomEventArgs
		$14.VisibilityMask = Public
		$14.NamingStyle = PascalCase
		$14.IncludeInstanceMembers = True
		$14.IncludeStaticEntities = True
		$7.NamingRule = $16
		$16.Name = Exceptions
		$16.RequiredSuffixes = $17
		$17.String = Exception
		$16.AffectedEntity = CustomExceptions
		$16.VisibilityMask = VisibilityMask
		$16.NamingStyle = PascalCase
		$16.IncludeInstanceMembers = True
		$16.IncludeStaticEntities = True
		$7.NamingRule = $18
		$18.Name = Methods
		$18.AffectedEntity = Methods
		$18.VisibilityMask = Protected, Public
		$18.NamingStyle = PascalCase
		$18.IncludeInstanceMembers = True
		$18.IncludeStaticEntities = True
		$7.NamingRule = $19
		$19.Name = Static Readonly Fields
		$19.AffectedEntity = ReadonlyField
		$19.VisibilityMask = Protected, Public
		$19.NamingStyle = PascalCase
		$19.IncludeInstanceMembers = False
		$19.IncludeStaticEntities = True
		$7.NamingRule = $20
		$20.Name = Fields
		$20.AffectedEntity = Field
		$20.VisibilityMask = Protected, Public
		$20.NamingStyle = PascalCase
		$20.IncludeInstanceMembers = True
		$20.IncludeStaticEntities = True
		$7.NamingRule = $21
		$21.Name = ReadOnly Fields
		$21.AffectedEntity = ReadonlyField
		$21.VisibilityMask = Protected, Public
		$21.NamingStyle = PascalCase
		$21.IncludeInstanceMembers = True
		$21.IncludeStaticEntities = False
		$7.NamingRule = $22
		$22.Name = Constant Fields
		$22.AffectedEntity = ConstantField
		$22.VisibilityMask = Protected, Public
		$22.NamingStyle = PascalCase
		$22.IncludeInstanceMembers = True
		$22.IncludeStaticEntities = True
		$7.NamingRule = $23
		$23.Name = Properties
		$23.AffectedEntity = Property
		$23.VisibilityMask = Protected, Public
		$23.NamingStyle = PascalCase
		$23.IncludeInstanceMembers = True
		$23.IncludeStaticEntities = True
		$7.NamingRule = $24
		$24.Name = Events
		$24.AffectedEntity = Event
		$24.VisibilityMask = Protected, Public
		$24.NamingStyle = PascalCase
		$24.IncludeInstanceMembers = True
		$24.IncludeStaticEntities = True
		$7.NamingRule = $25
		$25.Name = Enum Members
		$25.AffectedEntity = EnumMember
		$25.VisibilityMask = VisibilityMask
		$25.NamingStyle = PascalCase
		$25.IncludeInstanceMembers = True
		$25.IncludeStaticEntities = True
		$7.NamingRule = $26
		$26.Name = Parameters
		$26.AffectedEntity = Parameter
		$26.VisibilityMask = VisibilityMask
		$26.NamingStyle = CamelCase
		$26.IncludeInstanceMembers = True
		$26.IncludeStaticEntities = True
		$7.NamingRule = $27
		$27.Name = Type Parameters
		$27.RequiredPrefixes = $28
		$28.String = T
		$27.AffectedEntity = TypeParameter
		$27.VisibilityMask = VisibilityMask
		$27.NamingStyle = PascalCase
		$27.IncludeInstanceMembers = True
		$27.IncludeStaticEntities = True
	EndGlobalSection
	GlobalSection(SolutionProperties) = preSolution
		HideSolutionNode = FALSE
	EndGlobalSection
EndGlobal
